
Microsoft Visual Studio Solution File, Format Version 12.00
# Visual Studio Version 17
VisualStudioVersion = 17.5.33516.290
MinimumVisualStudioVersion = 10.0.40219.1
Project("{8BC9CEB8-8B4A-11D0-8D11-00A0C91BC942}") = "StreamReaderWriter", "StreamReaderWriter\StreamReaderWriter.vcxproj", "{6BC54318-F163-4AFF-80F5-3B9362A34385}"
EndProject
Global
	GlobalSection(SolutionConfigurationPlatforms) = preSolution
		Debug|x64 = Debug|x64
		Debug|x86 = Debug|x86
		Release|x64 = Release|x64
		Release|x86 = Release|x86
	EndGlobalSection
	GlobalSection(ProjectConfigurationPlatforms) = postSolution
		{6BC54318-F163-4AFF-80F5-3B9362A34385}.Debug|x64.ActiveCfg = Debug|x64
		{6BC54318-F163-4AFF-80F5-3B9362A34385}.Debug|x64.Build.0 = Debug|x64
		{6BC54318-F163-4AFF-80F5-3B9362A34385}.Debug|x86.ActiveCfg = Debug|Win32
		{6BC54318-F163-4AFF-80F5-3B9362A34385}.Debug|x86.Build.0 = Debug|Win32
		{6BC54318-F163-4AFF-80F5-3B9362A34385}.Release|x64.ActiveCfg = Release|x64
		{6BC54318-F163-4AFF-80F5-3B9362A34385}.Release|x64.Build.0 = Release|x64
		{6BC54318-F163-4AFF-80F5-3B9362A34385}.Release|x86.ActiveCfg = Release|Win32
		{6BC54318-F163-4AFF-80F5-3B9362A34385}.Release|x86.Build.0 = Release|Win32
	EndGlobalSection
	GlobalSection(SolutionProperties) = preSolution
		HideSolutionNode = FALSE
	EndGlobalSection
	GlobalSection(ExtensibilityGlobals) = postSolution
		SolutionGuid = {FC881999-2B22-4C59-A623-9CD0577600A0}
	EndGlobalSection
EndGlobal
